
Microsoft Visual Studio Solution File, Format Version 12.00
# Visual Studio 15
VisualStudioVersion = 15.0.28307.779
MinimumVisualStudioVersion = 10.0.40219.1
Project("{FAE04EC0-301F-11D3-BF4B-00C04F79EFBC}") = "EntidadesAbstractas", "Clase abstractas\EntidadesAbstractas.csproj", "{DC2DB8C6-AAA8-4AAA-B6E6-B84F340D2D7C}"
EndProject
Project("{FAE04EC0-301F-11D3-BF4B-00C04F79EFBC}") = "Archivos", "Archivos\Archivos.csproj", "{98F97694-D97B-48FA-9646-6418B64914C8}"
EndProject
Project("{FAE04EC0-301F-11D3-BF4B-00C04F79EFBC}") = "Clases instanciables", "Clase instanciables\Clases instanciables.csproj", "{44C99FB9-A9B5-4E97-AE4E-AA4AB2FA258A}"
EndProject
Project("{FAE04EC0-301F-11D3-BF4B-00C04F79EFBC}") = "Excepciones", "Excepciones\Excepciones.csproj", "{37743C31-B175-4774-B861-8AC41B465CF6}"
EndProject
Project("{FAE04EC0-301F-11D3-BF4B-00C04F79EFBC}") = "Main", "Main\Main.csproj", "{022E76F2-34A5-4101-9D27-38E25F3D4FBE}"
EndProject
Project("{FAE04EC0-301F-11D3-BF4B-00C04F79EFBC}") = "Test unitario", "Test unitario\Test unitario.csproj", "{EAE8DA0B-B150-4673-84FA-653273730168}"
EndProject
Global
	GlobalSection(SolutionConfigurationPlatforms) = preSolution
		Debug|Any CPU = Debug|Any CPU
		Debug|ARM = Debug|ARM
		Debug|ARM64 = Debug|ARM64
		Debug|x64 = Debug|x64
		Debug|x86 = Debug|x86
		Release|Any CPU = Release|Any CPU
		Release|ARM = Release|ARM
		Release|ARM64 = Release|ARM64
		Release|x64 = Release|x64
		Release|x86 = Release|x86
	EndGlobalSection
	GlobalSection(ProjectConfigurationPlatforms) = postSolution
		{DC2DB8C6-AAA8-4AAA-B6E6-B84F340D2D7C}.Debug|Any CPU.ActiveCfg = Debug|Any CPU
		{DC2DB8C6-AAA8-4AAA-B6E6-B84F340D2D7C}.Debug|Any CPU.Build.0 = Debug|Any CPU
		{DC2DB8C6-AAA8-4AAA-B6E6-B84F340D2D7C}.Debug|ARM.ActiveCfg = Debug|Any CPU
		{DC2DB8C6-AAA8-4AAA-B6E6-B84F340D2D7C}.Debug|ARM.Build.0 = Debug|Any CPU
		{DC2DB8C6-AAA8-4AAA-B6E6-B84F340D2D7C}.Debug|ARM64.ActiveCfg = Debug|Any CPU
		{DC2DB8C6-AAA8-4AAA-B6E6-B84F340D2D7C}.Debug|ARM64.Build.0 = Debug|Any CPU
		{DC2DB8C6-AAA8-4AAA-B6E6-B84F340D2D7C}.Debug|x64.ActiveCfg = Debug|Any CPU
		{DC2DB8C6-AAA8-4AAA-B6E6-B84F340D2D7C}.Debug|x64.Build.0 = Debug|Any CPU
		{DC2DB8C6-AAA8-4AAA-B6E6-B84F340D2D7C}.Debug|x86.ActiveCfg = Debug|Any CPU
		{DC2DB8C6-AAA8-4AAA-B6E6-B84F340D2D7C}.Debug|x86.Build.0 = Debug|Any CPU
		{DC2DB8C6-AAA8-4AAA-B6E6-B84F340D2D7C}.Release|Any CPU.ActiveCfg = Release|Any CPU
		{DC2DB8C6-AAA8-4AAA-B6E6-B84F340D2D7C}.Release|Any CPU.Build.0 = Release|Any CPU
		{DC2DB8C6-AAA8-4AAA-B6E6-B84F340D2D7C}.Release|ARM.ActiveCfg = Release|Any CPU
		{DC2DB8C6-AAA8-4AAA-B6E6-B84F340D2D7C}.Release|ARM.Build.0 = Release|Any CPU
		{DC2DB8C6-AAA8-4AAA-B6E6-B84F340D2D7C}.Release|ARM64.ActiveCfg = Release|Any CPU
		{DC2DB8C6-AAA8-4AAA-B6E6-B84F340D2D7C}.Release|ARM64.Build.0 = Release|Any CPU
		{DC2DB8C6-AAA8-4AAA-B6E6-B84F340D2D7C}.Release|x64.ActiveCfg = Release|Any CPU
		{DC2DB8C6-AAA8-4AAA-B6E6-B84F340D2D7C}.Release|x64.Build.0 = Release|Any CPU
		{DC2DB8C6-AAA8-4AAA-B6E6-B84F340D2D7C}.Release|x86.ActiveCfg = Release|Any CPU
		{DC2DB8C6-AAA8-4AAA-B6E6-B84F340D2D7C}.Release|x86.Build.0 = Release|Any CPU
		{98F97694-D97B-48FA-9646-6418B64914C8}.Debug|Any CPU.ActiveCfg = Debug|Any CPU
		{98F97694-D97B-48FA-9646-6418B64914C8}.Debug|Any CPU.Build.0 = Debug|Any CPU
		{98F97694-D97B-48FA-9646-6418B64914C8}.Debug|ARM.ActiveCfg = Debug|Any CPU
		{98F97694-D97B-48FA-9646-6418B64914C8}.Debug|ARM.Build.0 = Debug|Any CPU
		{98F97694-D97B-48FA-9646-6418B64914C8}.Debug|ARM64.ActiveCfg = Debug|Any CPU
		{98F97694-D97B-48FA-9646-6418B64914C8}.Debug|ARM64.Build.0 = Debug|Any CPU
		{98F97694-D97B-48FA-9646-6418B64914C8}.Debug|x64.ActiveCfg = Debug|Any CPU
		{98F97694-D97B-48FA-9646-6418B64914C8}.Debug|x64.Build.0 = Debug|Any CPU
		{98F97694-D97B-48FA-9646-6418B64914C8}.Debug|x86.ActiveCfg = Debug|Any CPU
		{98F97694-D97B-48FA-9646-6418B64914C8}.Debug|x86.Build.0 = Debug|Any CPU
		{98F97694-D97B-48FA-9646-6418B64914C8}.Release|Any CPU.ActiveCfg = Release|Any CPU
		{98F97694-D97B-48FA-9646-6418B64914C8}.Release|Any CPU.Build.0 = Release|Any CPU
		{98F97694-D97B-48FA-9646-6418B64914C8}.Release|ARM.ActiveCfg = Release|Any CPU
		{98F97694-D97B-48FA-9646-6418B64914C8}.Release|ARM.Build.0 = Release|Any CPU
		{98F97694-D97B-48FA-9646-6418B64914C8}.Release|ARM64.ActiveCfg = Release|Any CPU
		{98F97694-D97B-48FA-9646-6418B64914C8}.Release|ARM64.Build.0 = Release|Any CPU
		{98F97694-D97B-48FA-9646-6418B64914C8}.Release|x64.ActiveCfg = Release|Any CPU
		{98F97694-D97B-48FA-9646-6418B64914C8}.Release|x64.Build.0 = Release|Any CPU
		{98F97694-D97B-48FA-9646-6418B64914C8}.Release|x86.ActiveCfg = Release|Any CPU
		{98F97694-D97B-48FA-9646-6418B64914C8}.Release|x86.Build.0 = Release|Any CPU
		{44C99FB9-A9B5-4E97-AE4E-AA4AB2FA258A}.Debug|Any CPU.ActiveCfg = Debug|Any CPU
		{44C99FB9-A9B5-4E97-AE4E-AA4AB2FA258A}.Debug|Any CPU.Build.0 = Debug|Any CPU
		{44C99FB9-A9B5-4E97-AE4E-AA4AB2FA258A}.Debug|ARM.ActiveCfg = Debug|Any CPU
		{44C99FB9-A9B5-4E97-AE4E-AA4AB2FA258A}.Debug|ARM.Build.0 = Debug|Any CPU
		{44C99FB9-A9B5-4E97-AE4E-AA4AB2FA258A}.Debug|ARM64.ActiveCfg = Debug|Any CPU
		{44C99FB9-A9B5-4E97-AE4E-AA4AB2FA258A}.Debug|ARM64.Build.0 = Debug|Any CPU
		{44C99FB9-A9B5-4E97-AE4E-AA4AB2FA258A}.Debug|x64.ActiveCfg = Debug|Any CPU
		{44C99FB9-A9B5-4E97-AE4E-AA4AB2FA258A}.Debug|x64.Build.0 = Debug|Any CPU
		{44C99FB9-A9B5-4E97-AE4E-AA4AB2FA258A}.Debug|x86.ActiveCfg = Debug|Any CPU
		{44C99FB9-A9B5-4E97-AE4E-AA4AB2FA258A}.Debug|x86.Build.0 = Debug|Any CPU
		{44C99FB9-A9B5-4E97-AE4E-AA4AB2FA258A}.Release|Any CPU.ActiveCfg = Release|Any CPU
		{44C99FB9-A9B5-4E97-AE4E-AA4AB2FA258A}.Release|Any CPU.Build.0 = Release|Any CPU
		{44C99FB9-A9B5-4E97-AE4E-AA4AB2FA258A}.Release|ARM.ActiveCfg = Release|Any CPU
		{44C99FB9-A9B5-4E97-AE4E-AA4AB2FA258A}.Release|ARM.Build.0 = Release|Any CPU
		{44C99FB9-A9B5-4E97-AE4E-AA4AB2FA258A}.Release|ARM64.ActiveCfg = Release|Any CPU
		{44C99FB9-A9B5-4E97-AE4E-AA4AB2FA258A}.Release|ARM64.Build.0 = Release|Any CPU
		{44C99FB9-A9B5-4E97-AE4E-AA4AB2FA258A}.Release|x64.ActiveCfg = Release|Any CPU
		{44C99FB9-A9B5-4E97-AE4E-AA4AB2FA258A}.Release|x64.Build.0 = Release|Any CPU
		{44C99FB9-A9B5-4E97-AE4E-AA4AB2FA258A}.Release|x86.ActiveCfg = Release|Any CPU
		{44C99FB9-A9B5-4E97-AE4E-AA4AB2FA258A}.Release|x86.Build.0 = Release|Any CPU
		{37743C31-B175-4774-B861-8AC41B465CF6}.Debug|Any CPU.ActiveCfg = Debug|Any CPU
		{37743C31-B175-4774-B861-8AC41B465CF6}.Debug|Any CPU.Build.0 = Debug|Any CPU
		{37743C31-B175-4774-B861-8AC41B465CF6}.Debug|ARM.ActiveCfg = Debug|Any CPU
		{37743C31-B175-4774-B861-8AC41B465CF6}.Debug|ARM.Build.0 = Debug|Any CPU
		{37743C31-B175-4774-B861-8AC41B465CF6}.Debug|ARM64.ActiveCfg = Debug|Any CPU
		{37743C31-B175-4774-B861-8AC41B465CF6}.Debug|ARM64.Build.0 = Debug|Any CPU
		{37743C31-B175-4774-B861-8AC41B465CF6}.Debug|x64.ActiveCfg = Debug|Any CPU
		{37743C31-B175-4774-B861-8AC41B465CF6}.Debug|x64.Build.0 = Debug|Any CPU
		{37743C31-B175-4774-B861-8AC41B465CF6}.Debug|x86.ActiveCfg = Debug|Any CPU
		{37743C31-B175-4774-B861-8AC41B465CF6}.Debug|x86.Build.0 = Debug|Any CPU
		{37743C31-B175-4774-B861-8AC41B465CF6}.Release|Any CPU.ActiveCfg = Release|Any CPU
		{37743C31-B175-4774-B861-8AC41B465CF6}.Release|Any CPU.Build.0 = Release|Any CPU
		{37743C31-B175-4774-B861-8AC41B465CF6}.Release|ARM.ActiveCfg = Release|Any CPU
		{37743C31-B175-4774-B861-8AC41B465CF6}.Release|ARM.Build.0 = Release|Any CPU
		{37743C31-B175-4774-B861-8AC41B465CF6}.Release|ARM64.ActiveCfg = Release|Any CPU
		{37743C31-B175-4774-B861-8AC41B465CF6}.Release|ARM64.Build.0 = Release|Any CPU
		{37743C31-B175-4774-B861-8AC41B465CF6}.Release|x64.ActiveCfg = Release|Any CPU
		{37743C31-B175-4774-B861-8AC41B465CF6}.Release|x64.Build.0 = Release|Any CPU
		{37743C31-B175-4774-B861-8AC41B465CF6}.Release|x86.ActiveCfg = Release|Any CPU
		{37743C31-B175-4774-B861-8AC41B465CF6}.Release|x86.Build.0 = Release|Any CPU
		{022E76F2-34A5-4101-9D27-38E25F3D4FBE}.Debug|Any CPU.ActiveCfg = Debug|Any CPU
		{022E76F2-34A5-4101-9D27-38E25F3D4FBE}.Debug|Any CPU.Build.0 = Debug|Any CPU
		{022E76F2-34A5-4101-9D27-38E25F3D4FBE}.Debug|ARM.ActiveCfg = Debug|Any CPU
		{022E76F2-34A5-4101-9D27-38E25F3D4FBE}.Debug|ARM.Build.0 = Debug|Any CPU
		{022E76F2-34A5-4101-9D27-38E25F3D4FBE}.Debug|ARM64.ActiveCfg = Debug|Any CPU
		{022E76F2-34A5-4101-9D27-38E25F3D4FBE}.Debug|ARM64.Build.0 = Debug|Any CPU
		{022E76F2-34A5-4101-9D27-38E25F3D4FBE}.Debug|x64.ActiveCfg = Debug|Any CPU
		{022E76F2-34A5-4101-9D27-38E25F3D4FBE}.Debug|x64.Build.0 = Debug|Any CPU
		{022E76F2-34A5-4101-9D27-38E25F3D4FBE}.Debug|x86.ActiveCfg = Debug|Any CPU
		{022E76F2-34A5-4101-9D27-38E25F3D4FBE}.Debug|x86.Build.0 = Debug|Any CPU
		{022E76F2-34A5-4101-9D27-38E25F3D4FBE}.Release|Any CPU.ActiveCfg = Release|Any CPU
		{022E76F2-34A5-4101-9D27-38E25F3D4FBE}.Release|Any CPU.Build.0 = Release|Any CPU
		{022E76F2-34A5-4101-9D27-38E25F3D4FBE}.Release|ARM.ActiveCfg = Release|Any CPU
		{022E76F2-34A5-4101-9D27-38E25F3D4FBE}.Release|ARM.Build.0 = Release|Any CPU
		{022E76F2-34A5-4101-9D27-38E25F3D4FBE}.Release|ARM64.ActiveCfg = Release|Any CPU
		{022E76F2-34A5-4101-9D27-38E25F3D4FBE}.Release|ARM64.Build.0 = Release|Any CPU
		{022E76F2-34A5-4101-9D27-38E25F3D4FBE}.Release|x64.ActiveCfg = Release|Any CPU
		{022E76F2-34A5-4101-9D27-38E25F3D4FBE}.Release|x64.Build.0 = Release|Any CPU
		{022E76F2-34A5-4101-9D27-38E25F3D4FBE}.Release|x86.ActiveCfg = Release|Any CPU
		{022E76F2-34A5-4101-9D27-38E25F3D4FBE}.Release|x86.Build.0 = Release|Any CPU
		{EAE8DA0B-B150-4673-84FA-653273730168}.Debug|Any CPU.ActiveCfg = Debug|Any CPU
		{EAE8DA0B-B150-4673-84FA-653273730168}.Debug|Any CPU.Build.0 = Debug|Any CPU
		{EAE8DA0B-B150-4673-84FA-653273730168}.Debug|ARM.ActiveCfg = Debug|Any CPU
		{EAE8DA0B-B150-4673-84FA-653273730168}.Debug|ARM.Build.0 = Debug|Any CPU
		{EAE8DA0B-B150-4673-84FA-653273730168}.Debug|ARM64.ActiveCfg = Debug|Any CPU
		{EAE8DA0B-B150-4673-84FA-653273730168}.Debug|ARM64.Build.0 = Debug|Any CPU
		{EAE8DA0B-B150-4673-84FA-653273730168}.Debug|x64.ActiveCfg = Debug|Any CPU
		{EAE8DA0B-B150-4673-84FA-653273730168}.Debug|x64.Build.0 = Debug|Any CPU
		{EAE8DA0B-B150-4673-84FA-653273730168}.Debug|x86.ActiveCfg = Debug|Any CPU
		{EAE8DA0B-B150-4673-84FA-653273730168}.Debug|x86.Build.0 = Debug|Any CPU
		{EAE8DA0B-B150-4673-84FA-653273730168}.Release|Any CPU.ActiveCfg = Release|Any CPU
		{EAE8DA0B-B150-4673-84FA-653273730168}.Release|Any CPU.Build.0 = Release|Any CPU
		{EAE8DA0B-B150-4673-84FA-653273730168}.Release|ARM.ActiveCfg = Release|Any CPU
		{EAE8DA0B-B150-4673-84FA-653273730168}.Release|ARM.Build.0 = Release|Any CPU
		{EAE8DA0B-B150-4673-84FA-653273730168}.Release|ARM64.ActiveCfg = Release|Any CPU
		{EAE8DA0B-B150-4673-84FA-653273730168}.Release|ARM64.Build.0 = Release|Any CPU
		{EAE8DA0B-B150-4673-84FA-653273730168}.Release|x64.ActiveCfg = Release|Any CPU
		{EAE8DA0B-B150-4673-84FA-653273730168}.Release|x64.Build.0 = Release|Any CPU
		{EAE8DA0B-B150-4673-84FA-653273730168}.Release|x86.ActiveCfg = Release|Any CPU
		{EAE8DA0B-B150-4673-84FA-653273730168}.Release|x86.Build.0 = Release|Any CPU
	EndGlobalSection
	GlobalSection(SolutionProperties) = preSolution
		HideSolutionNode = FALSE
	EndGlobalSection
	GlobalSection(ExtensibilityGlobals) = postSolution
		SolutionGuid = {A8665851-28FD-4104-8BE6-73B517FD4C02}
	EndGlobalSection
EndGlobal
